// !$*UTF8*$!
{
	archiveVersion = 1;
	classes = {
	};
	objectVersion = 55;
	objects = {

/* Begin PBXBuildFile section */
		7129352C27F8C84700C711F1 /* AppDelegate.swift in Sources */ = {isa = PBXBuildFile; fileRef = 7129352B27F8C84700C711F1 /* AppDelegate.swift */; };
		7129352E27F8C84700C711F1 /* SceneDelegate.swift in Sources */ = {isa = PBXBuildFile; fileRef = 7129352D27F8C84700C711F1 /* SceneDelegate.swift */; };
		7129353027F8C84700C711F1 /* Tab1.swift in Sources */ = {isa = PBXBuildFile; fileRef = 7129352F27F8C84700C711F1 /* Tab1.swift */; };
		7129353327F8C84700C711F1 /* Main.storyboard in Resources */ = {isa = PBXBuildFile; fileRef = 7129353127F8C84700C711F1 /* Main.storyboard */; };
		7129353527F8C84800C711F1 /* Assets.xcassets in Resources */ = {isa = PBXBuildFile; fileRef = 7129353427F8C84800C711F1 /* Assets.xcassets */; };
		7129353827F8C84800C711F1 /* LaunchScreen.storyboard in Resources */ = {isa = PBXBuildFile; fileRef = 7129353627F8C84800C711F1 /* LaunchScreen.storyboard */; };
		7129354127F8C88600C711F1 /* WebKit.framework in Frameworks */ = {isa = PBXBuildFile; fileRef = 7129354027F8C88600C711F1 /* WebKit.framework */; };
		7129356627FC477F00C711F1 /* article.png in Resources */ = {isa = PBXBuildFile; fileRef = 7129356227FC477F00C711F1 /* article.png */; };
		7129356727FC477F00C711F1 /* articleSelected.png in Resources */ = {isa = PBXBuildFile; fileRef = 7129356327FC477F00C711F1 /* articleSelected.png */; };
		7129356827FC477F00C711F1 /* profile.png in Resources */ = {isa = PBXBuildFile; fileRef = 7129356427FC477F00C711F1 /* profile.png */; };
		7129356927FC477F00C711F1 /* setting.png in Resources */ = {isa = PBXBuildFile; fileRef = 7129356527FC477F00C711F1 /* setting.png */; };
		7129356C27FC4B7400C711F1 /* TabBarView.swift in Sources */ = {isa = PBXBuildFile; fileRef = 7129356B27FC4B7400C711F1 /* TabBarView.swift */; };
		7129356E27FC668000C711F1 /* Tab3.swift in Sources */ = {isa = PBXBuildFile; fileRef = 7129356D27FC668000C711F1 /* Tab3.swift */; };
		7129357027FC668D00C711F1 /* Tab4.swift in Sources */ = {isa = PBXBuildFile; fileRef = 7129356F27FC668D00C711F1 /* Tab4.swift */; };
		7129357227FC6F9600C711F1 /* Tab2.swift in Sources */ = {isa = PBXBuildFile; fileRef = 7129357127FC6F9600C711F1 /* Tab2.swift */; };
		71293596280AC09C00C711F1 /* Tab4_reg.swift in Sources */ = {isa = PBXBuildFile; fileRef = 71293595280AC09C00C711F1 /* Tab4_reg.swift */; };
/* End PBXBuildFile section */

/* Begin PBXFileReference section */
		7129352827F8C84700C711F1 /* web_english.app */ = {isa = PBXFileReference; explicitFileType = wrapper.application; includeInIndex = 0; path = web_english.app; sourceTree = BUILT_PRODUCTS_DIR; };
		7129352B27F8C84700C711F1 /* AppDelegate.swift */ = {isa = PBXFileReference; lastKnownFileType = sourcecode.swift; path = AppDelegate.swift; sourceTree = "<group>"; };
		7129352D27F8C84700C711F1 /* SceneDelegate.swift */ = {isa = PBXFileReference; lastKnownFileType = sourcecode.swift; path = SceneDelegate.swift; sourceTree = "<group>"; };
		7129352F27F8C84700C711F1 /* Tab1.swift */ = {isa = PBXFileReference; lastKnownFileType = sourcecode.swift; path = Tab1.swift; sourceTree = "<group>"; };
		7129353227F8C84700C711F1 /* Base */ = {isa = PBXFileReference; lastKnownFileType = file.storyboard; name = Base; path = Base.lproj/Main.storyboard; sourceTree = "<group>"; };
		7129353427F8C84800C711F1 /* Assets.xcassets */ = {isa = PBXFileReference; lastKnownFileType = folder.assetcatalog; path = Assets.xcassets; sourceTree = "<group>"; };
		7129353727F8C84800C711F1 /* Base */ = {isa = PBXFileReference; lastKnownFileType = file.storyboard; name = Base; path = Base.lproj/LaunchScreen.storyboard; sourceTree = "<group>"; };
		7129353927F8C84800C711F1 /* Info.plist */ = {isa = PBXFileReference; lastKnownFileType = text.plist.xml; path = Info.plist; sourceTree = "<group>"; };
		7129354027F8C88600C711F1 /* WebKit.framework */ = {isa = PBXFileReference; lastKnownFileType = wrapper.framework; name = WebKit.framework; path = System/Library/Frameworks/WebKit.framework; sourceTree = SDKROOT; };
		7129356227FC477F00C711F1 /* article.png */ = {isa = PBXFileReference; lastKnownFileType = image.png; name = article.png; path = web_english/icon/article.png; sourceTree = "<group>"; };
		7129356327FC477F00C711F1 /* articleSelected.png */ = {isa = PBXFileReference; lastKnownFileType = image.png; name = articleSelected.png; path = web_english/icon/articleSelected.png; sourceTree = "<group>"; };
		7129356427FC477F00C711F1 /* profile.png */ = {isa = PBXFileReference; lastKnownFileType = image.png; name = profile.png; path = web_english/icon/profile.png; sourceTree = "<group>"; };
		7129356527FC477F00C711F1 /* setting.png */ = {isa = PBXFileReference; lastKnownFileType = image.png; name = setting.png; path = web_english/icon/setting.png; sourceTree = "<group>"; };
		7129356B27FC4B7400C711F1 /* TabBarView.swift */ = {isa = PBXFileReference; lastKnownFileType = sourcecode.swift; path = TabBarView.swift; sourceTree = "<group>"; };
		7129356D27FC668000C711F1 /* Tab3.swift */ = {isa = PBXFileReference; lastKnownFileType = sourcecode.swift; path = Tab3.swift; sourceTree = "<group>"; };
		7129356F27FC668D00C711F1 /* Tab4.swift */ = {isa = PBXFileReference; lastKnownFileType = sourcecode.swift; path = Tab4.swift; sourceTree = "<group>"; };
		7129357127FC6F9600C711F1 /* Tab2.swift */ = {isa = PBXFileReference; lastKnownFileType = sourcecode.swift; path = Tab2.swift; sourceTree = "<group>"; };
		71293595280AC09C00C711F1 /* Tab4_reg.swift */ = {isa = PBXFileReference; lastKnownFileType = sourcecode.swift; path = Tab4_reg.swift; sourceTree = "<group>"; };
/* End PBXFileReference section */

/* Begin PBXFrameworksBuildPhase section */
		7129352527F8C84700C711F1 /* Frameworks */ = {
			isa = PBXFrameworksBuildPhase;
			buildActionMask = 2147483647;
			files = (
				7129354127F8C88600C711F1 /* WebKit.framework in Frameworks */,
			);
			runOnlyForDeploymentPostprocessing = 0;
		};
/* End PBXFrameworksBuildPhase section */

/* Begin PBXGroup section */
		7129351F27F8C84700C711F1 = {
			isa = PBXGroup;
			children = (
				7129356A27FC479D00C711F1 /* icon */,
				7129352A27F8C84700C711F1 /* web_english */,
				7129352927F8C84700C711F1 /* Products */,
				7129353F27F8C88600C711F1 /* Frameworks */,
			);
			sourceTree = "<group>";
		};
		7129352927F8C84700C711F1 /* Products */ = {
			isa = PBXGroup;
			children = (
				7129352827F8C84700C711F1 /* web_english.app */,
			);
			name = Products;
			sourceTree = "<group>";
		};
		7129352A27F8C84700C711F1 /* web_english */ = {
			isa = PBXGroup;
			children = (
				7129356B27FC4B7400C711F1 /* TabBarView.swift */,
				7129352F27F8C84700C711F1 /* Tab1.swift */,
				7129357127FC6F9600C711F1 /* Tab2.swift */,
				7129356D27FC668000C711F1 /* Tab3.swift */,
				7129356F27FC668D00C711F1 /* Tab4.swift */,
				71293595280AC09C00C711F1 /* Tab4_reg.swift */,
				7129352B27F8C84700C711F1 /* AppDelegate.swift */,
				7129352D27F8C84700C711F1 /* SceneDelegate.swift */,
				7129353127F8C84700C711F1 /* Main.storyboard */,
				7129353427F8C84800C711F1 /* Assets.xcassets */,
				7129353627F8C84800C711F1 /* LaunchScreen.storyboard */,
				7129353927F8C84800C711F1 /* Info.plist */,
			);
			path = web_english;
			sourceTree = "<group>";
		};
		7129353F27F8C88600C711F1 /* Frameworks */ = {
			isa = PBXGroup;
			children = (
				7129354027F8C88600C711F1 /* WebKit.framework */,
			);
			name = Frameworks;
			sourceTree = "<group>";
		};
		7129356A27FC479D00C711F1 /* icon */ = {
			isa = PBXGroup;
			children = (
				7129356527FC477F00C711F1 /* setting.png */,
				7129356227FC477F00C711F1 /* article.png */,
				7129356327FC477F00C711F1 /* articleSelected.png */,
				7129356427FC477F00C711F1 /* profile.png */,
			);
			name = icon;
			sourceTree = "<group>";
		};
/* End PBXGroup section */

/* Begin PBXNativeTarget section */
		7129352727F8C84700C711F1 /* web_english */ = {
			isa = PBXNativeTarget;
			buildConfigurationList = 7129353C27F8C84800C711F1 /* Build configuration list for PBXNativeTarget "web_english" */;
			buildPhases = (
				7129352427F8C84700C711F1 /* Sources */,
				7129352527F8C84700C711F1 /* Frameworks */,
				7129352627F8C84700C711F1 /* Resources */,
			);
			buildRules = (
			);
			dependencies = (
			);
			name = web_english;
			productName = web_english;
			productReference = 7129352827F8C84700C711F1 /* web_english.app */;
			productType = "com.apple.product-type.application";
		};
/* End PBXNativeTarget section */

/* Begin PBXProject section */
		7129352027F8C84700C711F1 /* Project object */ = {
			isa = PBXProject;
			attributes = {
				BuildIndependentTargetsInParallel = 1;
				LastSwiftUpdateCheck = 1320;
				LastUpgradeCheck = 1320;
				TargetAttributes = {
					7129352727F8C84700C711F1 = {
						CreatedOnToolsVersion = 13.2.1;
					};
				};
			};
			buildConfigurationList = 7129352327F8C84700C711F1 /* Build configuration list for PBXProject "web_english" */;
			compatibilityVersion = "Xcode 13.0";
			developmentRegion = en;
			hasScannedForEncodings = 0;
			knownRegions = (
				en,
				Base,
			);
			mainGroup = 7129351F27F8C84700C711F1;
			productRefGroup = 7129352927F8C84700C711F1 /* Products */;
			projectDirPath = "";
			projectRoot = "";
			targets = (
				7129352727F8C84700C711F1 /* web_english */,
			);
		};
/* End PBXProject section */

/* Begin PBXResourcesBuildPhase section */
		7129352627F8C84700C711F1 /* Resources */ = {
			isa = PBXResourcesBuildPhase;
			buildActionMask = 2147483647;
			files = (
				7129353827F8C84800C711F1 /* LaunchScreen.storyboard in Resources */,
				7129356827FC477F00C711F1 /* profile.png in Resources */,
				7129353527F8C84800C711F1 /* Assets.xcassets in Resources */,
				7129356927FC477F00C711F1 /* setting.png in Resources */,
				7129356727FC477F00C711F1 /* articleSelected.png in Resources */,
				7129356627FC477F00C711F1 /* article.png in Resources */,
				7129353327F8C84700C711F1 /* Main.storyboard in Resources */,
			);
			runOnlyForDeploymentPostprocessing = 0;
		};
/* End PBXResourcesBuildPhase section */

/* Begin PBXSourcesBuildPhase section */
		7129352427F8C84700C711F1 /* Sources */ = {
			isa = PBXSourcesBuildPhase;
			buildActionMask = 2147483647;
			files = (
				7129353027F8C84700C711F1 /* Tab1.swift in Sources */,
				7129357227FC6F9600C711F1 /* Tab2.swift in Sources */,
				7129357027FC668D00C711F1 /* Tab4.swift in Sources */,
				7129352C27F8C84700C711F1 /* AppDelegate.swift in Sources */,
				7129356E27FC668000C711F1 /* Tab3.swift in Sources */,
				7129356C27FC4B7400C711F1 /* TabBarView.swift in Sources */,
				7129352E27F8C84700C711F1 /* SceneDelegate.swift in Sources */,
				71293596280AC09C00C711F1 /* Tab4_reg.swift in Sources */,
			);
			runOnlyForDeploymentPostprocessing = 0;
		};
/* End PBXSourcesBuildPhase section */

/* Begin PBXVariantGroup section */
		7129353127F8C84700C711F1 /* Main.storyboard */ = {
			isa = PBXVariantGroup;
			children = (
				7129353227F8C84700C711F1 /* Base */,
			);
			name = Main.storyboard;
			sourceTree = "<group>";
		};
		7129353627F8C84800C711F1 /* LaunchScreen.storyboard */ = {
			isa = PBXVariantGroup;
			children = (
				7129353727F8C84800C711F1 /* Base */,
			);
			name = LaunchScreen.storyboard;
			sourceTree = "<group>";
		};
/* End PBXVariantGroup section */

/* Begin XCBuildConfiguration section */
		7129353A27F8C84800C711F1 /* Debug */ = {
			isa = XCBuildConfiguration;
			buildSettings = {
				ALWAYS_SEARCH_USER_PATHS = NO;
				CLANG_ANALYZER_NONNULL = YES;
				CLANG_ANALYZER_NUMBER_OBJECT_CONVERSION = YES_AGGRESSIVE;
				CLANG_CXX_LANGUAGE_STANDARD = "gnu++17";
				CLANG_CXX_LIBRARY = "libc++";
				CLANG_ENABLE_MODULES = YES;
				CLANG_ENABLE_OBJC_ARC = YES;
				CLANG_ENABLE_OBJC_WEAK = YES;
				CLANG_WARN_BLOCK_CAPTURE_AUTORELEASING = YES;
				CLANG_WARN_BOOL_CONVERSION = YES;
				CLANG_WARN_COMMA = YES;
				CLANG_WARN_CONSTANT_CONVERSION = YES;
				CLANG_WARN_DEPRECATED_OBJC_IMPLEMENTATIONS = YES;
				CLANG_WARN_DIRECT_OBJC_ISA_USAGE = YES_ERROR;
				CLANG_WARN_DOCUMENTATION_COMMENTS = YES;
				CLANG_WARN_EMPTY_BODY = YES;
				CLANG_WARN_ENUM_CONVERSION = YES;
				CLANG_WARN_INFINITE_RECURSION = YES;
				CLANG_WARN_INT_CONVERSION = YES;
				CLANG_WARN_NON_LITERAL_NULL_CONVERSION = YES;
				CLANG_WARN_OBJC_IMPLICIT_RETAIN_SELF = YES;
				CLANG_WARN_OBJC_LITERAL_CONVERSION = YES;
				CLANG_WARN_OBJC_ROOT_CLASS = YES_ERROR;
				CLANG_WARN_QUOTED_INCLUDE_IN_FRAMEWORK_HEADER = YES;
				CLANG_WARN_RANGE_LOOP_ANALYSIS = YES;
				CLANG_WARN_STRICT_PROTOTYPES = YES;
				CLANG_WARN_SUSPICIOUS_MOVE = YES;
				CLANG_WARN_UNGUARDED_AVAILABILITY = YES_AGGRESSIVE;
				CLANG_WARN_UNREACHABLE_CODE = YES;
				CLANG_WARN__DUPLICATE_METHOD_MATCH = YES;
				COPY_PHASE_STRIP = NO;
				DEBUG_INFORMATION_FORMAT = dwarf;
				ENABLE_STRICT_OBJC_MSGSEND = YES;
				ENABLE_TESTABILITY = YES;
				GCC_C_LANGUAGE_STANDARD = gnu11;
				GCC_DYNAMIC_NO_PIC = NO;
				GCC_NO_COMMON_BLOCKS = YES;
				GCC_OPTIMIZATION_LEVEL = 0;
				GCC_PREPROCESSOR_DEFINITIONS = (
					"DEBUG=1",
					"$(inherited)",
				);
				GCC_WARN_64_TO_32_BIT_CONVERSION = YES;
				GCC_WARN_ABOUT_RETURN_TYPE = YES_ERROR;
				GCC_WARN_UNDECLARED_SELECTOR = YES;
				GCC_WARN_UNINITIALIZED_AUTOS = YES_AGGRESSIVE;
				GCC_WARN_UNUSED_FUNCTION = YES;
				GCC_WARN_UNUSED_VARIABLE = YES;
				IPHONEOS_DEPLOYMENT_TARGET = 15.1;
				MTL_ENABLE_DEBUG_INFO = INCLUDE_SOURCE;
				MTL_FAST_MATH = YES;
				ONLY_ACTIVE_ARCH = YES;
				SDKROOT = iphoneos;
				SWIFT_ACTIVE_COMPILATION_CONDITIONS = DEBUG;
				SWIFT_OPTIMIZATION_LEVEL = "-Onone";
			};
			name = Debug;
		};
		7129353B27F8C84800C711F1 /* Release */ = {
			isa = XCBuildConfiguration;
			buildSettings = {
				ALWAYS_SEARCH_USER_PATHS = NO;
				CLANG_ANALYZER_NONNULL = YES;
				CLANG_ANALYZER_NUMBER_OBJECT_CONVERSION = YES_AGGRESSIVE;
				CLANG_CXX_LANGUAGE_STANDARD = "gnu++17";
				CLANG_CXX_LIBRARY = "libc++";
				CLANG_ENABLE_MODULES = YES;
				CLANG_ENABLE_OBJC_ARC = YES;
				CLANG_ENABLE_OBJC_WEAK = YES;
				CLANG_WARN_BLOCK_CAPTURE_AUTORELEASING = YES;
				CLANG_WARN_BOOL_CONVERSION = YES;
				CLANG_WARN_COMMA = YES;
				CLANG_WARN_CONSTANT_CONVERSION = YES;
				CLANG_WARN_DEPRECATED_OBJC_IMPLEMENTATIONS = YES;
				CLANG_WARN_DIRECT_OBJC_ISA_USAGE = YES_ERROR;
				CLANG_WARN_DOCUMENTATION_COMMENTS = YES;
				CLANG_WARN_EMPTY_BODY = YES;
				CLANG_WARN_ENUM_CONVERSION = YES;
				CLANG_WARN_INFINITE_RECURSION = YES;
				CLANG_WARN_INT_CONVERSION = YES;
				CLANG_WARN_NON_LITERAL_NULL_CONVERSION = YES;
				CLANG_WARN_OBJC_IMPLICIT_RETAIN_SELF = YES;
				CLANG_WARN_OBJC_LITERAL_CONVERSION = YES;
				CLANG_WARN_OBJC_ROOT_CLASS = YES_ERROR;
				CLANG_WARN_QUOTED_INCLUDE_IN_FRAMEWORK_HEADER = YES;
				CLANG_WARN_RANGE_LOOP_ANALYSIS = YES;
				CLANG_WARN_STRICT_PROTOTYPES = YES;
				CLANG_WARN_SUSPICIOUS_MOVE = YES;
				CLANG_WARN_UNGUARDED_AVAILABILITY = YES_AGGRESSIVE;
				CLANG_WARN_UNREACHABLE_CODE = YES;
				CLANG_WARN__DUPLICATE_METHOD_MATCH = YES;
				COPY_PHASE_STRIP = NO;
				DEBUG_INFORMATION_FORMAT = "dwarf-with-dsym";
				ENABLE_NS_ASSERTIONS = NO;
				ENABLE_STRICT_OBJC_MSGSEND = YES;
				GCC_C_LANGUAGE_STANDARD = gnu11;
				GCC_NO_COMMON_BLOCKS = YES;
				GCC_WARN_64_TO_32_BIT_CONVERSION = YES;
				GCC_WARN_ABOUT_RETURN_TYPE = YES_ERROR;
				GCC_WARN_UNDECLARED_SELECTOR = YES;
				GCC_WARN_UNINITIALIZED_AUTOS = YES_AGGRESSIVE;
				GCC_WARN_UNUSED_FUNCTION = YES;
				GCC_WARN_UNUSED_VARIABLE = YES;
				IPHONEOS_DEPLOYMENT_TARGET = 15.1;
				MTL_ENABLE_DEBUG_INFO = NO;
				MTL_FAST_MATH = YES;
				SDKROOT = iphoneos;
				SWIFT_COMPILATION_MODE = wholemodule;
				SWIFT_OPTIMIZATION_LEVEL = "-O";
				VALIDATE_PRODUCT = YES;
			};
			name = Release;
		};
		7129353D27F8C84800C711F1 /* Debug */ = {
			isa = XCBuildConfiguration;
			buildSettings = {
				ASSETCATALOG_COMPILER_APPICON_NAME = AppIcon;
				ASSETCATALOG_COMPILER_GLOBAL_ACCENT_COLOR_NAME = AccentColor;
				CODE_SIGN_STYLE = Automatic;
				CURRENT_PROJECT_VERSION = 1;
				DEVELOPMENT_TEAM = VF5MKR68QW;
				GENERATE_INFOPLIST_FILE = YES;
				INFOPLIST_FILE = web_english/Info.plist;
				INFOPLIST_KEY_UIApplicationSupportsIndirectInputEvents = YES;
				INFOPLIST_KEY_UILaunchStoryboardName = LaunchScreen;
				INFOPLIST_KEY_UIMainStoryboardFile = Main;
				INFOPLIST_KEY_UISupportedInterfaceOrientations_iPad = "UIInterfaceOrientationPortrait UIInterfaceOrientationPortraitUpsideDown UIInterfaceOrientationLandscapeLeft UIInterfaceOrientationLandscapeRight";
				INFOPLIST_KEY_UISupportedInterfaceOrientations_iPhone = "UIInterfaceOrientationPortrait UIInterfaceOrientationLandscapeLeft UIInterfaceOrientationLandscapeRight";
				LD_RUNPATH_SEARCH_PATHS = (
					"$(inherited)",
					"@executable_path/Frameworks",
				);
				MARKETING_VERSION = 1.0;
				PRODUCT_BUNDLE_IDENTIFIER = ROUIS.webenglish;
				PRODUCT_NAME = "$(TARGET_NAME)";
				SWIFT_EMIT_LOC_STRINGS = YES;
				SWIFT_VERSION = 5.0;
				TARGETED_DEVICE_FAMILY = "1,2";
			};
			name = Debug;
		};
		7129353E27F8C84800C711F1 /* Release */ = {
			isa = XCBuildConfiguration;
			buildSettings = {
				ASSETCATALOG_COMPILER_APPICON_NAME = AppIcon;
				ASSETCATALOG_COMPILER_GLOBAL_ACCENT_COLOR_NAME = AccentColor;
				CODE_SIGN_STYLE = Automatic;
				CURRENT_PROJECT_VERSION = 1;
				DEVELOPMENT_TEAM = VF5MKR68QW;
				GENERATE_INFOPLIST_FILE = YES;
				INFOPLIST_FILE = web_english/Info.plist;
				INFOPLIST_KEY_UIApplicationSupportsIndirectInputEvents = YES;
				INFOPLIST_KEY_UILaunchStoryboardName = LaunchScreen;
				INFOPLIST_KEY_UIMainStoryboardFile = Main;
				INFOPLIST_KEY_UISupportedInterfaceOrientations_iPad = "UIInterfaceOrientationPortrait UIInterfaceOrientationPortraitUpsideDown UIInterfaceOrientationLandscapeLeft UIInterfaceOrientationLandscapeRight";
				INFOPLIST_KEY_UISupportedInterfaceOrientations_iPhone = "UIInterfaceOrientationPortrait UIInterfaceOrientationLandscapeLeft UIInterfaceOrientationLandscapeRight";
				LD_RUNPATH_SEARCH_PATHS = (
					"$(inherited)",
					"@executable_path/Frameworks",
				);
				MARKETING_VERSION = 1.0;
				PRODUCT_BUNDLE_IDENTIFIER = ROUIS.webenglish;
				PRODUCT_NAME = "$(TARGET_NAME)";
				SWIFT_EMIT_LOC_STRINGS = YES;
				SWIFT_VERSION = 5.0;
				TARGETED_DEVICE_FAMILY = "1,2";
			};
			name = Release;
		};
/* End XCBuildConfiguration section */

/* Begin XCConfigurationList section */
		7129352327F8C84700C711F1 /* Build configuration list for PBXProject "web_english" */ = {
			isa = XCConfigurationList;
			buildConfigurations = (
				7129353A27F8C84800C711F1 /* Debug */,
				7129353B27F8C84800C711F1 /* Release */,
			);
			defaultConfigurationIsVisible = 0;
			defaultConfigurationName = Release;
		};
		7129353C27F8C84800C711F1 /* Build configuration list for PBXNativeTarget "web_english" */ = {
			isa = XCConfigurationList;
			buildConfigurations = (
				7129353D27F8C84800C711F1 /* Debug */,
				7129353E27F8C84800C711F1 /* Release */,
			);
			defaultConfigurationIsVisible = 0;
			defaultConfigurationName = Release;
		};
/* End XCConfigurationList section */
	};
	rootObject = 7129352027F8C84700C711F1 /* Project object */;
}
